{
  "projects": [
    {
      "projectId": "n5xwmNeXPRzvTsuicaWWu3",
      "version": "latest",
      "dependencies": {
        "hjKYmYi6HMwK6TRyk7ew5R": "6.40.0"
      },
      "lang": "ts",
      "fileLocks": [
        {
          "type": "globalVariant",
          "assetId": "8LhMaSOWc2xY",
          "checksum": "b3682cf647625fbb86d81abaf7d79483"
        },
        {
          "type": "renderModule",
          "assetId": "p45XJpMyAb3L",
          "checksum": "d6448ec7a0d1f872ddde0d1212b3f7fa"
        },
        {
          "type": "cssRules",
          "assetId": "p45XJpMyAb3L",
          "checksum": "d6448ec7a0d1f872ddde0d1212b3f7fa"
        },
        {
          "type": "renderModule",
          "assetId": "D4ZoDZu3P2uH",
          "checksum": "d3b6bf1b7514878c10a5de309be61b23"
        },
        {
          "type": "cssRules",
          "assetId": "D4ZoDZu3P2uH",
          "checksum": "d3b6bf1b7514878c10a5de309be61b23"
        },
        {
          "type": "renderModule",
          "assetId": "1JDkW8IXziFz",
          "checksum": "707891c66724c55e350dc10379ac4d32"
        },
        {
          "type": "cssRules",
          "assetId": "1JDkW8IXziFz",
          "checksum": "707891c66724c55e350dc10379ac4d32"
        },
        {
          "type": "renderModule",
          "assetId": "LE7wMRlZ2dz6",
          "checksum": "928ef2b67a60dcffda37c83801b01a9d"
        },
        {
          "type": "cssRules",
          "assetId": "LE7wMRlZ2dz6",
          "checksum": "928ef2b67a60dcffda37c83801b01a9d"
        },
        {
          "type": "renderModule",
          "assetId": "1is9CQdG15ej",
          "checksum": "212e20823bd31a8ddc7b5201c704b5ec"
        },
        {
          "type": "cssRules",
          "assetId": "1is9CQdG15ej",
          "checksum": "212e20823bd31a8ddc7b5201c704b5ec"
        },
        {
          "type": "renderModule",
          "assetId": "uqzitSMnAOoM",
          "checksum": "9904737d7c9715d0fa3550633d1c2a4a"
        },
        {
          "type": "cssRules",
          "assetId": "uqzitSMnAOoM",
          "checksum": "9904737d7c9715d0fa3550633d1c2a4a"
        },
        {
          "type": "icon",
          "assetId": "gsgjP69is81N",
          "checksum": "3aa1ab23c5c807eeaca55841c9ba117c"
        },
        {
          "type": "icon",
          "assetId": "qJnBvUczbADi",
          "checksum": "924797c5d05375217069f1de18b00bc0"
        },
        {
          "type": "icon",
          "assetId": "16OzevezvZzW",
          "checksum": "213db025702598d1b657a3a4118db7a5"
        },
        {
          "type": "icon",
          "assetId": "DSCJMTfboEaz",
          "checksum": "cac47866d615410a521989ce79765eca"
        },
        {
          "type": "icon",
          "assetId": "ReynV80Quqvt",
          "checksum": "51993a04bca790dcf19700f75a12f98b"
        },
        {
          "type": "icon",
          "assetId": "ITauT3sc7760",
          "checksum": "811397511ceec3c6ad085b7fae240d47"
        },
        {
          "type": "icon",
          "assetId": "vfF3ae3X81PM",
          "checksum": "b94b2c5f8732a92e9fdce44b4f5e2374"
        },
        {
          "type": "icon",
          "assetId": "n0wMHIb_WMxS",
          "checksum": "f95185de67684fed4caf2abbeb30ca85"
        },
        {
          "type": "icon",
          "assetId": "__Mcf0Y27nXU",
          "checksum": "c2df49a15710349ab002c01c2509c6af"
        },
        {
          "type": "icon",
          "assetId": "Np630blK4p0Q",
          "checksum": "1de26e3a2e2ae2cf7421d0a5a271e108"
        },
        {
          "type": "image",
          "assetId": "UVFClhuFIZXh",
          "checksum": "405e50679745713ed71df7e02ee90fc9"
        },
        {
          "type": "image",
          "assetId": "yfF9LfD8dsJ3",
          "checksum": "7482d14c06fdbaa6a9c2aa889dc3c277"
        },
        {
          "type": "image",
          "assetId": "Opq4-q6_EDhj",
          "checksum": "d513a1952c89ab6d67b348548865835d"
        },
        {
          "type": "image",
          "assetId": "0grVkNNvjBYl",
          "checksum": "d1a825f2e652e76f5939ef895b953819"
        },
        {
          "type": "image",
          "assetId": "LkULoJ6OON4W",
          "checksum": "1062fc830a25b5e19c2af74b52b8ea5d"
        },
        {
          "type": "image",
          "assetId": "DdRSWuM1glJx",
          "checksum": "35ae0bc4ee221892f9dd8e7f06f880a4"
        },
        {
          "type": "image",
          "assetId": "NZBTCWbCwYzU",
          "checksum": "59cfb7a26bfa9d0ae03f9af517fd1b7f"
        },
        {
          "type": "image",
          "assetId": "GSkS14uz3JrQ",
          "checksum": "45998b11cf8ac40fce1ab8e7b6a26769"
        },
        {
          "type": "image",
          "assetId": "X9gsh6h3LAcO",
          "checksum": "a2ff25886ebc872d1c9adad210433b14"
        },
        {
          "type": "image",
          "assetId": "HbGJG0j9n2nz",
          "checksum": "c1d547a445a1da2e48b24c867244c5d8"
        },
        {
          "type": "image",
          "assetId": "E5CStdjJUXoM",
          "checksum": "81cdb7b5e78ed6b20c9ec87ee72bc137"
        },
        {
          "type": "image",
          "assetId": "hB5-0UTjEGTU",
          "checksum": "36a40dec35128eec8e0e7f02520e8d84"
        },
        {
          "type": "image",
          "assetId": "agiurBCkQe3g",
          "checksum": "7d3d3c9c6bffcdd2711b1b08689c2834"
        },
        {
          "type": "image",
          "assetId": "ZsCDfQ1dviEJ",
          "checksum": "dcc27cd376515fae32c7abffd5d3d0d2"
        },
        {
          "type": "image",
          "assetId": "Hr3cKgux7Xbk",
          "checksum": "e400c717cda1ccf3e3d7a8dc049251f2"
        },
        {
          "type": "image",
          "assetId": "XCVz3ZGSnoHs",
          "checksum": "e0ae54e06033af2eab0456ce30bccc16"
        },
        {
          "type": "image",
          "assetId": "XQ-x-x5nEoYt",
          "checksum": "24ef0b2334759a1f36744aa3a3edc498"
        },
        {
          "type": "image",
          "assetId": "AZg44-sMQiEj",
          "checksum": "f02db8fd5d97360ef41ef2f429b2caad"
        },
        {
          "type": "image",
          "assetId": "KlgmEU-aJL8p",
          "checksum": "1219f26ea5e4e2eef3b86a17734ebc4f"
        },
        {
          "type": "image",
          "assetId": "T4YpDTT5mW8Q",
          "checksum": "7ebb7f08b7a7fc8abd3a311d9d4f248c"
        },
        {
          "type": "image",
          "assetId": "3pENxgyAOv0x",
          "checksum": "231019bda92763ddf356b7c3ef48b1b2"
        },
        {
          "type": "image",
          "assetId": "HdqAX-R1FSfI",
          "checksum": "70440381edae0ea5effeb30001c88a8a"
        },
        {
          "type": "image",
          "assetId": "bzhj8ih0N0BU",
          "checksum": "9f6c4e14b3f78fb62dc9496257c3b187"
        },
        {
          "type": "image",
          "assetId": "70X7ZM4g0Aff",
          "checksum": "f022f581ebd6554a097d997e9b2acd5c"
        },
        {
          "type": "image",
          "assetId": "_UV-sA0d0MPw",
          "checksum": "da24c97d4aee7d3bb31d6f8aba5cce3f"
        },
        {
          "type": "image",
          "assetId": "ou0vNF6cPUoL",
          "checksum": "ed256365f4a6ea4ff5096d2b1140e4d4"
        },
        {
          "type": "image",
          "assetId": "YD9CcDiyfOKK",
          "checksum": "7962860dce37877635d3da0da5f78b8c"
        },
        {
          "type": "image",
          "assetId": "U0ZjV6tepf32",
          "checksum": "fe4a32bff13bf52382af889777c7ad3c"
        },
        {
          "type": "image",
          "assetId": "YLV5PtbWQTQl",
          "checksum": "e73e6f4efc8e45d9fd9b17040666c62f"
        },
        {
          "type": "image",
          "assetId": "gje5RcQrBKRj",
          "checksum": "09490cbfcb80ee228ab13817500b24f5"
        },
        {
          "type": "image",
          "assetId": "qsvL5P4fl96H",
          "checksum": "1525585b543f3f360f6a192f65904d4f"
        },
        {
          "type": "image",
          "assetId": "ZO7KOssvtKur",
          "checksum": "6a33abe7891acbe62bece65ba09a75ef"
        },
        {
          "type": "image",
          "assetId": "vmuaiXpZQwYc",
          "checksum": "c57097f4afade730dbbac8b51751d662"
        },
        {
          "assetId": "n5xwmNeXPRzvTsuicaWWu3",
          "checksum": "d6dcc0cc816144acd3dc7b0dde183f91",
          "type": "globalContexts"
        },
        {
          "type": "renderModule",
          "assetId": "Tfk_MHYXQ-8l",
          "checksum": "6acd1ef9014ebf5251dabd81889c21e8"
        },
        {
          "type": "cssRules",
          "assetId": "Tfk_MHYXQ-8l",
          "checksum": "6acd1ef9014ebf5251dabd81889c21e8"
        },
        {
          "type": "renderModule",
          "assetId": "oZmEz8WYIUlZ",
          "checksum": "b66e459eeb5ced49368e4f8b157280cd"
        },
        {
          "type": "cssRules",
          "assetId": "oZmEz8WYIUlZ",
          "checksum": "b66e459eeb5ced49368e4f8b157280cd"
        },
        {
          "type": "renderModule",
          "assetId": "rcyhGU1SEIHd",
          "checksum": "103ca7926a1ad73102213b8b42a1f934"
        },
        {
          "type": "cssRules",
          "assetId": "rcyhGU1SEIHd",
          "checksum": "103ca7926a1ad73102213b8b42a1f934"
        },
        {
          "type": "icon",
          "assetId": "SlfHLHiMC0gG",
          "checksum": "ca7b417ab888e469bc6a0c63f84e2032"
        },
        {
          "type": "icon",
          "assetId": "Hg4brlKtF0AC",
          "checksum": "5520f7cb538be98a88106f12f96a4c4d"
        },
        {
          "type": "icon",
          "assetId": "jHXLPhKl-xFT",
          "checksum": "3301a341775597ec316343e85e3e4d21"
        },
        {
          "type": "renderModule",
          "assetId": "RTute5m0XUXi",
          "checksum": "b2b305a96bd679a3fa12dfc25a0efa68"
        },
        {
          "type": "cssRules",
          "assetId": "RTute5m0XUXi",
          "checksum": "b2b305a96bd679a3fa12dfc25a0efa68"
        },
        {
          "type": "renderModule",
          "assetId": "B-o4jfv1_uBE",
          "checksum": "c820af8f4345586d19d91941f3f49447"
        },
        {
          "type": "cssRules",
          "assetId": "B-o4jfv1_uBE",
          "checksum": "c820af8f4345586d19d91941f3f49447"
        },
        {
          "type": "renderModule",
          "assetId": "_cP2EPe7ItIS",
          "checksum": "659c58fec446b116c9998e19438928ae"
        },
        {
          "type": "cssRules",
          "assetId": "_cP2EPe7ItIS",
          "checksum": "659c58fec446b116c9998e19438928ae"
        },
        {
          "type": "renderModule",
          "assetId": "OxRyH-GTJyAd",
          "checksum": "ed7889f53de1c80dc0447ce80fc346a3"
        },
        {
          "type": "cssRules",
          "assetId": "OxRyH-GTJyAd",
          "checksum": "ed7889f53de1c80dc0447ce80fc346a3"
        },
        {
          "type": "renderModule",
          "assetId": "PyxWYEKSbVcV",
          "checksum": "5fe1c974eb20d3da25e71fb41a53f466"
        },
        {
          "type": "cssRules",
          "assetId": "PyxWYEKSbVcV",
          "checksum": "5fe1c974eb20d3da25e71fb41a53f466"
        },
        {
          "type": "icon",
          "assetId": "-nzhvAtfWtuo",
          "checksum": "c08e9c3409053a99faa325153a718a46"
        },
        {
          "type": "icon",
          "assetId": "QzsQeuxVFYVp",
          "checksum": "64578c53c82581d59c23512b100f156a"
        },
        {
          "assetId": "n5xwmNeXPRzvTsuicaWWu3",
          "type": "projectCss",
          "checksum": "afbd8a1cc6d4cdde7509c9115bf5f7e1"
        }
      ],
      "codegenVersion": "0.0.1"
    },
    {
      "projectId": "hjKYmYi6HMwK6TRyk7ew5R",
      "version": "6.40.0",
      "dependencies": {},
      "lang": "ts",
      "fileLocks": [
        {
          "assetId": "hjKYmYi6HMwK6TRyk7ew5R",
          "type": "projectCss",
          "checksum": "e76cee85e96cb3fff580d5552a47cfe4"
        },
        {
          "assetId": "hjKYmYi6HMwK6TRyk7ew5R",
          "checksum": "ce1c1c4c2068f2505d175a1b6e17d26a",
          "type": "globalContexts"
        }
      ],
      "codegenVersion": "0.0.1"
    }
  ],
  "cliVersion": "0.1.331"
}
