{
  "projects": [
    {
      "projectId": "n5xwmNeXPRzvTsuicaWWu3",
      "version": "latest",
      "dependencies": {
        "hjKYmYi6HMwK6TRyk7ew5R": "6.40.0",
        "ohDidvG9XsCeFumugENU3J": "6.26.0",
        "jkU633o1Cz7HrJdwdxhVHk": "16.11.0",
        "caTPwKxj5ZrD9LQ7DMdK4Z": "3.38.0"
      },
      "lang": "ts",
      "fileLocks": [
        {
          "type": "globalVariant",
          "assetId": "8LhMaSOWc2xY",
          "checksum": "b3682cf647625fbb86d81abaf7d79483"
        },
        {
          "type": "renderModule",
          "assetId": "p45XJpMyAb3L",
          "checksum": "b30060d81e80cc2ec6a66ed25665d098"
        },
        {
          "type": "cssRules",
          "assetId": "p45XJpMyAb3L",
          "checksum": "b30060d81e80cc2ec6a66ed25665d098"
        },
        {
          "type": "renderModule",
          "assetId": "D4ZoDZu3P2uH",
          "checksum": "477a6ffd47c78c23b501a2dba23af2dc"
        },
        {
          "type": "cssRules",
          "assetId": "D4ZoDZu3P2uH",
          "checksum": "477a6ffd47c78c23b501a2dba23af2dc"
        },
        {
          "type": "renderModule",
          "assetId": "1JDkW8IXziFz",
          "checksum": "6da804b8efbb78b721497ef4fb23c9d5"
        },
        {
          "type": "cssRules",
          "assetId": "1JDkW8IXziFz",
          "checksum": "6da804b8efbb78b721497ef4fb23c9d5"
        },
        {
          "type": "renderModule",
          "assetId": "LE7wMRlZ2dz6",
          "checksum": "31fce3fc1f10fc4e22765f2244c9f7e1"
        },
        {
          "type": "cssRules",
          "assetId": "LE7wMRlZ2dz6",
          "checksum": "31fce3fc1f10fc4e22765f2244c9f7e1"
        },
        {
          "type": "renderModule",
          "assetId": "1is9CQdG15ej",
          "checksum": "12dfddca90da96aca2d5f03574d95436"
        },
        {
          "type": "cssRules",
          "assetId": "1is9CQdG15ej",
          "checksum": "12dfddca90da96aca2d5f03574d95436"
        },
        {
          "type": "renderModule",
          "assetId": "uqzitSMnAOoM",
          "checksum": "40fbf7e18b844c056902af25ab594f77"
        },
        {
          "type": "cssRules",
          "assetId": "uqzitSMnAOoM",
          "checksum": "40fbf7e18b844c056902af25ab594f77"
        },
        {
          "type": "icon",
          "assetId": "gsgjP69is81N",
          "checksum": "3aa1ab23c5c807eeaca55841c9ba117c"
        },
        {
          "type": "icon",
          "assetId": "qJnBvUczbADi",
          "checksum": "924797c5d05375217069f1de18b00bc0"
        },
        {
          "type": "icon",
          "assetId": "16OzevezvZzW",
          "checksum": "213db025702598d1b657a3a4118db7a5"
        },
        {
          "type": "icon",
          "assetId": "DSCJMTfboEaz",
          "checksum": "cac47866d615410a521989ce79765eca"
        },
        {
          "type": "icon",
          "assetId": "ReynV80Quqvt",
          "checksum": "51993a04bca790dcf19700f75a12f98b"
        },
        {
          "type": "icon",
          "assetId": "ITauT3sc7760",
          "checksum": "811397511ceec3c6ad085b7fae240d47"
        },
        {
          "type": "icon",
          "assetId": "vfF3ae3X81PM",
          "checksum": "b94b2c5f8732a92e9fdce44b4f5e2374"
        },
        {
          "type": "icon",
          "assetId": "n0wMHIb_WMxS",
          "checksum": "f95185de67684fed4caf2abbeb30ca85"
        },
        {
          "type": "icon",
          "assetId": "__Mcf0Y27nXU",
          "checksum": "c2df49a15710349ab002c01c2509c6af"
        },
        {
          "type": "icon",
          "assetId": "Np630blK4p0Q",
          "checksum": "1de26e3a2e2ae2cf7421d0a5a271e108"
        },
        {
          "type": "image",
          "assetId": "UVFClhuFIZXh",
          "checksum": "405e50679745713ed71df7e02ee90fc9"
        },
        {
          "type": "image",
          "assetId": "yfF9LfD8dsJ3",
          "checksum": "7482d14c06fdbaa6a9c2aa889dc3c277"
        },
        {
          "type": "image",
          "assetId": "Opq4-q6_EDhj",
          "checksum": "d513a1952c89ab6d67b348548865835d"
        },
        {
          "type": "image",
          "assetId": "0grVkNNvjBYl",
          "checksum": "d1a825f2e652e76f5939ef895b953819"
        },
        {
          "type": "image",
          "assetId": "LkULoJ6OON4W",
          "checksum": "1062fc830a25b5e19c2af74b52b8ea5d"
        },
        {
          "type": "image",
          "assetId": "DdRSWuM1glJx",
          "checksum": "35ae0bc4ee221892f9dd8e7f06f880a4"
        },
        {
          "type": "image",
          "assetId": "NZBTCWbCwYzU",
          "checksum": "59cfb7a26bfa9d0ae03f9af517fd1b7f"
        },
        {
          "type": "image",
          "assetId": "GSkS14uz3JrQ",
          "checksum": "45998b11cf8ac40fce1ab8e7b6a26769"
        },
        {
          "type": "image",
          "assetId": "X9gsh6h3LAcO",
          "checksum": "a2ff25886ebc872d1c9adad210433b14"
        },
        {
          "type": "image",
          "assetId": "HbGJG0j9n2nz",
          "checksum": "c1d547a445a1da2e48b24c867244c5d8"
        },
        {
          "type": "image",
          "assetId": "E5CStdjJUXoM",
          "checksum": "81cdb7b5e78ed6b20c9ec87ee72bc137"
        },
        {
          "type": "image",
          "assetId": "hB5-0UTjEGTU",
          "checksum": "36a40dec35128eec8e0e7f02520e8d84"
        },
        {
          "type": "image",
          "assetId": "agiurBCkQe3g",
          "checksum": "7d3d3c9c6bffcdd2711b1b08689c2834"
        },
        {
          "type": "image",
          "assetId": "ZsCDfQ1dviEJ",
          "checksum": "dcc27cd376515fae32c7abffd5d3d0d2"
        },
        {
          "type": "image",
          "assetId": "Hr3cKgux7Xbk",
          "checksum": "e400c717cda1ccf3e3d7a8dc049251f2"
        },
        {
          "type": "image",
          "assetId": "XCVz3ZGSnoHs",
          "checksum": "e0ae54e06033af2eab0456ce30bccc16"
        },
        {
          "type": "image",
          "assetId": "XQ-x-x5nEoYt",
          "checksum": "24ef0b2334759a1f36744aa3a3edc498"
        },
        {
          "type": "image",
          "assetId": "AZg44-sMQiEj",
          "checksum": "f02db8fd5d97360ef41ef2f429b2caad"
        },
        {
          "type": "image",
          "assetId": "KlgmEU-aJL8p",
          "checksum": "1219f26ea5e4e2eef3b86a17734ebc4f"
        },
        {
          "type": "image",
          "assetId": "T4YpDTT5mW8Q",
          "checksum": "7ebb7f08b7a7fc8abd3a311d9d4f248c"
        },
        {
          "type": "image",
          "assetId": "3pENxgyAOv0x",
          "checksum": "231019bda92763ddf356b7c3ef48b1b2"
        },
        {
          "type": "image",
          "assetId": "HdqAX-R1FSfI",
          "checksum": "70440381edae0ea5effeb30001c88a8a"
        },
        {
          "type": "image",
          "assetId": "bzhj8ih0N0BU",
          "checksum": "9f6c4e14b3f78fb62dc9496257c3b187"
        },
        {
          "type": "image",
          "assetId": "70X7ZM4g0Aff",
          "checksum": "f022f581ebd6554a097d997e9b2acd5c"
        },
        {
          "type": "image",
          "assetId": "_UV-sA0d0MPw",
          "checksum": "da24c97d4aee7d3bb31d6f8aba5cce3f"
        },
        {
          "type": "image",
          "assetId": "ou0vNF6cPUoL",
          "checksum": "ed256365f4a6ea4ff5096d2b1140e4d4"
        },
        {
          "type": "image",
          "assetId": "YD9CcDiyfOKK",
          "checksum": "7962860dce37877635d3da0da5f78b8c"
        },
        {
          "type": "image",
          "assetId": "U0ZjV6tepf32",
          "checksum": "fe4a32bff13bf52382af889777c7ad3c"
        },
        {
          "type": "image",
          "assetId": "YLV5PtbWQTQl",
          "checksum": "e73e6f4efc8e45d9fd9b17040666c62f"
        },
        {
          "type": "image",
          "assetId": "gje5RcQrBKRj",
          "checksum": "09490cbfcb80ee228ab13817500b24f5"
        },
        {
          "type": "image",
          "assetId": "qsvL5P4fl96H",
          "checksum": "1525585b543f3f360f6a192f65904d4f"
        },
        {
          "type": "image",
          "assetId": "ZO7KOssvtKur",
          "checksum": "6a33abe7891acbe62bece65ba09a75ef"
        },
        {
          "type": "image",
          "assetId": "vmuaiXpZQwYc",
          "checksum": "c57097f4afade730dbbac8b51751d662"
        },
        {
          "assetId": "n5xwmNeXPRzvTsuicaWWu3",
          "checksum": "f524d75c568f004fd564cfc11f19a2c7",
          "type": "globalContexts"
        },
        {
          "type": "renderModule",
          "assetId": "Tfk_MHYXQ-8l",
          "checksum": "3999b76ffa9b83bb6cc5062aacd7cc7a"
        },
        {
          "type": "cssRules",
          "assetId": "Tfk_MHYXQ-8l",
          "checksum": "3999b76ffa9b83bb6cc5062aacd7cc7a"
        },
        {
          "type": "renderModule",
          "assetId": "oZmEz8WYIUlZ",
          "checksum": "bc255a83a6bca1bf59c7876b7159a69d"
        },
        {
          "type": "cssRules",
          "assetId": "oZmEz8WYIUlZ",
          "checksum": "bc255a83a6bca1bf59c7876b7159a69d"
        },
        {
          "type": "renderModule",
          "assetId": "rcyhGU1SEIHd",
          "checksum": "2749522616b5eda288fb54cca2f41453"
        },
        {
          "type": "cssRules",
          "assetId": "rcyhGU1SEIHd",
          "checksum": "2749522616b5eda288fb54cca2f41453"
        },
        {
          "type": "icon",
          "assetId": "SlfHLHiMC0gG",
          "checksum": "ca7b417ab888e469bc6a0c63f84e2032"
        },
        {
          "type": "icon",
          "assetId": "Hg4brlKtF0AC",
          "checksum": "5520f7cb538be98a88106f12f96a4c4d"
        },
        {
          "type": "icon",
          "assetId": "jHXLPhKl-xFT",
          "checksum": "3301a341775597ec316343e85e3e4d21"
        },
        {
          "type": "renderModule",
          "assetId": "RTute5m0XUXi",
          "checksum": "ea67bc3bb59c44bd0f4691ba9e95a8a8"
        },
        {
          "type": "cssRules",
          "assetId": "RTute5m0XUXi",
          "checksum": "ea67bc3bb59c44bd0f4691ba9e95a8a8"
        },
        {
          "type": "renderModule",
          "assetId": "B-o4jfv1_uBE",
          "checksum": "32a75fbd8f634ff02de4f73e19ce097f"
        },
        {
          "type": "cssRules",
          "assetId": "B-o4jfv1_uBE",
          "checksum": "32a75fbd8f634ff02de4f73e19ce097f"
        },
        {
          "type": "renderModule",
          "assetId": "_cP2EPe7ItIS",
          "checksum": "9812986c096aadad7de0a68d498f0191"
        },
        {
          "type": "cssRules",
          "assetId": "_cP2EPe7ItIS",
          "checksum": "9812986c096aadad7de0a68d498f0191"
        },
        {
          "type": "renderModule",
          "assetId": "OxRyH-GTJyAd",
          "checksum": "a8bc093f5b392f203609d190d7e5836c"
        },
        {
          "type": "cssRules",
          "assetId": "OxRyH-GTJyAd",
          "checksum": "a8bc093f5b392f203609d190d7e5836c"
        },
        {
          "type": "renderModule",
          "assetId": "PyxWYEKSbVcV",
          "checksum": "aa227e4ac09bcd36f868fc629364e50c"
        },
        {
          "type": "cssRules",
          "assetId": "PyxWYEKSbVcV",
          "checksum": "aa227e4ac09bcd36f868fc629364e50c"
        },
        {
          "type": "icon",
          "assetId": "-nzhvAtfWtuo",
          "checksum": "c08e9c3409053a99faa325153a718a46"
        },
        {
          "type": "icon",
          "assetId": "QzsQeuxVFYVp",
          "checksum": "64578c53c82581d59c23512b100f156a"
        },
        {
          "type": "renderModule",
          "assetId": "g6YiMkyrbbYT",
          "checksum": "92ba0fed7029791e641ca62cfb677e84"
        },
        {
          "type": "cssRules",
          "assetId": "g6YiMkyrbbYT",
          "checksum": "92ba0fed7029791e641ca62cfb677e84"
        },
        {
          "type": "renderModule",
          "assetId": "kE1Zhof4yLej",
          "checksum": "ee99b51254923359eef7bcc430991d97"
        },
        {
          "type": "cssRules",
          "assetId": "kE1Zhof4yLej",
          "checksum": "ee99b51254923359eef7bcc430991d97"
        },
        {
          "type": "renderModule",
          "assetId": "D6qrgsL268Q-",
          "checksum": "5a5f175a8c78cc44e16c2aaaec4d8a20"
        },
        {
          "type": "cssRules",
          "assetId": "D6qrgsL268Q-",
          "checksum": "5a5f175a8c78cc44e16c2aaaec4d8a20"
        },
        {
          "type": "icon",
          "assetId": "UDMMR8l93xcL",
          "checksum": "ce3a4b7c4f713af74f40a1e5a7d07bd5"
        },
        {
          "type": "icon",
          "assetId": "sxovDjxZwlcn",
          "checksum": "ea630617963327366449ce28cf84db07"
        },
        {
          "type": "image",
          "assetId": "adQVV9HsvMha",
          "checksum": "80c598d4bde790e866ad8628721b09dd"
        },
        {
          "assetId": "n5xwmNeXPRzvTsuicaWWu3",
          "type": "projectCss",
          "checksum": "b0e1a398ea2f6068dfbc239df5d8f28e"
        }
      ],
      "codegenVersion": "0.0.1"
    },
    {
      "projectId": "hjKYmYi6HMwK6TRyk7ew5R",
      "version": "6.40.0",
      "dependencies": {},
      "lang": "ts",
      "fileLocks": [
        {
          "assetId": "hjKYmYi6HMwK6TRyk7ew5R",
          "type": "projectCss",
          "checksum": "e76cee85e96cb3fff580d5552a47cfe4"
        },
        {
          "assetId": "hjKYmYi6HMwK6TRyk7ew5R",
          "checksum": "ce1c1c4c2068f2505d175a1b6e17d26a",
          "type": "globalContexts"
        }
      ],
      "codegenVersion": "0.0.1"
    },
    {
      "projectId": "caTPwKxj5ZrD9LQ7DMdK4Z",
      "version": "3.38.0",
      "dependencies": {},
      "lang": "ts",
      "fileLocks": [
        {
          "assetId": "caTPwKxj5ZrD9LQ7DMdK4Z",
          "type": "projectCss",
          "checksum": "e1ec850476829c38b0f9b6d4f7ac446a"
        }
      ],
      "codegenVersion": "0.0.1"
    },
    {
      "projectId": "jkU633o1Cz7HrJdwdxhVHk",
      "version": "16.11.0",
      "dependencies": {},
      "lang": "ts",
      "fileLocks": [
        {
          "assetId": "jkU633o1Cz7HrJdwdxhVHk",
          "type": "projectCss",
          "checksum": "0581d4378bb1604bb5fe3f65bb0a37de"
        }
      ],
      "codegenVersion": "0.0.1"
    },
    {
      "projectId": "ohDidvG9XsCeFumugENU3J",
      "version": "6.26.0",
      "dependencies": {},
      "lang": "ts",
      "fileLocks": [
        {
          "assetId": "ohDidvG9XsCeFumugENU3J",
          "type": "projectCss",
          "checksum": "fd83b730367fdbde2c69bc6cf31c2a3c"
        },
        {
          "assetId": "ohDidvG9XsCeFumugENU3J",
          "checksum": "de0a0e65174a6a185a8f822af51c6bdd",
          "type": "globalContexts"
        }
      ],
      "codegenVersion": "0.0.1"
    }
  ],
  "cliVersion": "0.1.331"
}
